# Generated by conda-lock.
# platform: win-64
# input_hash: 54410ba0eb489478fe2c67e2787ebac05a06a34f4565f116bd4a68fba6eab6b3
@EXPLICIT
https://conda.anaconda.org/conda-forge/win-64/ca-certificates-2022.5.18.1-h5b45459_0.tar.bz2#8fd522807e4af321181e74ae05f27ec8
https://conda.anaconda.org/conda-forge/noarch/font-ttf-dejavu-sans-mono-2.37-hab24e00_0.tar.bz2#0c96522c6bdaed4b1566d11387caaf45
https://conda.anaconda.org/conda-forge/noarch/font-ttf-inconsolata-3.000-h77eed37_0.tar.bz2#34893075a5c9e55cdafac56607368fc6
https://conda.anaconda.org/conda-forge/noarch/font-ttf-source-code-pro-2.038-h77eed37_0.tar.bz2#4d59c254e01d9cde7957100457e2d5fb
https://conda.anaconda.org/conda-forge/noarch/font-ttf-ubuntu-0.83-hab24e00_0.tar.bz2#19410c3df09dfb12d1206132a1d357c5
https://conda.anaconda.org/conda-forge/win-64/msys2-conda-epoch-20160418-1.tar.bz2#b0309b72560df66f71a9d5e34a5efdfa
https://conda.anaconda.org/conda-forge/noarch/tzdata-2022a-h191b570_0.tar.bz2#84be5301069417a2221187d2f435e0f7
https://conda.anaconda.org/conda-forge/win-64/ucrt-10.0.20348.0-h57928b3_0.tar.bz2#6d666b6ea8251231ff508062d1e41f9c
https://conda.anaconda.org/conda-forge/noarch/fonts-conda-forge-1-0.tar.bz2#f766549260d6815b0c52253f1fb1bb29
https://conda.anaconda.org/conda-forge/win-64/m2w64-gmp-6.1.0-2.tar.bz2#53a1c73e1e3d185516d7e3af177596d9
https://conda.anaconda.org/conda-forge/win-64/m2w64-libwinpthread-git-5.0.0.4634.697f757-2.tar.bz2#774130a326dee16f1ceb05cc687ee4f0
https://conda.anaconda.org/conda-forge/win-64/vs2015_runtime-14.29.30037-h902a5da_6.tar.bz2#33d07ebe91062743eabc9e53a60d18e1
https://conda.anaconda.org/conda-forge/noarch/fonts-conda-ecosystem-1-0.tar.bz2#fee5683a3f04bd15cbd8318b096a27ab
https://conda.anaconda.org/conda-forge/win-64/m2w64-gcc-libs-core-5.3.0-7.tar.bz2#4289d80fb4d272f1f3b56cfe87ac90bd
https://conda.anaconda.org/conda-forge/win-64/vc-14.2-hb210afc_6.tar.bz2#c2aecbc9b00ba6f352e27d3d61fd31fb
https://conda.anaconda.org/conda-forge/win-64/bzip2-1.0.8-h8ffe710_4.tar.bz2#7c03c66026944073040cb19a4f3ec3c9
https://conda.anaconda.org/conda-forge/win-64/expat-2.4.8-h39d44d4_0.tar.bz2#f8e0f53713756c08456f50c9ce25748c
https://conda.anaconda.org/conda-forge/win-64/fribidi-1.0.10-h8d14728_0.tar.bz2#807e81d915f2bb2e49951648615241f6
https://conda.anaconda.org/conda-forge/win-64/getopt-win32-0.1-h8ffe710_0.tar.bz2#9ac4874e2958f18e01c386649208fe40
https://conda.anaconda.org/conda-forge/win-64/graphite2-1.3.13-1000.tar.bz2#8fc0e04e5c852cadf2cad68b86a906ab
https://conda.anaconda.org/conda-forge/win-64/icu-70.1-h0e60522_0.tar.bz2#64073396a905b6df895ab2489fae3847
https://conda.anaconda.org/conda-forge/win-64/jbig-2.1-h8d14728_2003.tar.bz2#37dcc26d63c315f6c0588579dca810da
https://conda.anaconda.org/conda-forge/win-64/jpeg-9e-h8ffe710_1.tar.bz2#cda58df0a6d1165a82a0dfd59e9be5b0
https://conda.anaconda.org/conda-forge/win-64/lerc-3.0-h0e60522_0.tar.bz2#756c8b51a32758df2ed6cddcc7b7ed58
https://conda.anaconda.org/conda-forge/win-64/libbrotlicommon-1.0.9-h8ffe710_7.tar.bz2#e7b12a6cf353395dda7ed36b9041048b
https://conda.anaconda.org/conda-forge/win-64/libdeflate-1.10-h8ffe710_0.tar.bz2#ad4246997621fdf913fe6f958bc16fd4
https://conda.anaconda.org/conda-forge/win-64/libffi-3.4.2-h8ffe710_5.tar.bz2#2c96d1b6915b408893f9472569dee135
https://conda.anaconda.org/conda-forge/win-64/libiconv-1.16-he774522_0.tar.bz2#bdfeadc9348e4d9fbe4821e81bf8f221
https://conda.anaconda.org/conda-forge/win-64/libwebp-base-1.2.2-h8ffe710_1.tar.bz2#24e23990217d3542fb821759a41d6ec2
https://conda.anaconda.org/conda-forge/win-64/libzlib-1.2.11-h8ffe710_1014.tar.bz2#5e57ffcf6d651d94d329a3e9ce1f8f21
https://conda.anaconda.org/conda-forge/win-64/lz4-c-1.9.3-h8ffe710_1.tar.bz2#d12763533276560a931c1bd3df1adf63
https://conda.anaconda.org/conda-forge/win-64/m2w64-gcc-libgfortran-5.3.0-6.tar.bz2#066552ac6b907ec6d72c0ddab29050dc
https://conda.anaconda.org/conda-forge/win-64/openssl-1.1.1o-h8ffe710_0.tar.bz2#afd7ea72111c4cc1fe8101ae2a321bda
https://conda.anaconda.org/conda-forge/win-64/pcre-8.45-h0e60522_0.tar.bz2#3cd3948bb5de74ebef93b6be6d8cf0d5
https://conda.anaconda.org/conda-forge/win-64/pixman-0.40.0-h8ffe710_0.tar.bz2#32b45d3fcffddc84cc1a014a0b5f0d58
https://conda.anaconda.org/conda-forge/win-64/sqlite-3.38.5-h8ffe710_0.tar.bz2#9f9c961fc099c7c91a27f38890c42498
https://conda.anaconda.org/conda-forge/win-64/tk-8.6.12-h8ffe710_0.tar.bz2#c69a5047cc9291ae40afd4a1ad6f0c0f
https://conda.anaconda.org/conda-forge/win-64/xz-5.2.5-h62dcd97_1.tar.bz2#eabcbfedd14d7c18a514afca09ea0ebb
https://conda.anaconda.org/conda-forge/win-64/yaml-0.2.5-h8ffe710_2.tar.bz2#adbfb9f45d1004a26763652246a33764
https://conda.anaconda.org/conda-forge/win-64/gettext-0.19.8.1-ha2e2712_1008.tar.bz2#7097f745c7b794ce3e2a1ffe3195580f
https://conda.anaconda.org/conda-forge/win-64/libbrotlidec-1.0.9-h8ffe710_7.tar.bz2#ca57bf17ba92eed4ca2667a4c5df9343
https://conda.anaconda.org/conda-forge/win-64/libbrotlienc-1.0.9-h8ffe710_7.tar.bz2#75c0a84c7f22d57cda6aaf7205b4a27c
https://conda.anaconda.org/conda-forge/win-64/libwebp-1.2.2-h57928b3_0.tar.bz2#80c0ce63cf8f69c5a5781ab7a9645942
https://conda.anaconda.org/conda-forge/win-64/m2w64-gcc-libs-5.3.0-7.tar.bz2#fe759119b8b3bfa720b8762c6fdc35de
https://conda.anaconda.org/conda-forge/win-64/python-3.10.4-h9a09f29_0_cpython.tar.bz2#a1e44d6b98383869aeae35e71f4f33d5
https://conda.anaconda.org/conda-forge/win-64/zlib-1.2.11-h8ffe710_1014.tar.bz2#8f3f8b243814bddb2898c314ed024e03
https://conda.anaconda.org/conda-forge/win-64/zstd-1.5.2-h6255e5f_1.tar.bz2#90702967af600ea2e2c7f7968c0ce099
https://conda.anaconda.org/conda-forge/noarch/aiofiles-0.8.0-pyhd8ed1ab_0.tar.bz2#c89acfd9023d35305ea12617cba6df2d
https://conda.anaconda.org/conda-forge/noarch/appdirs-1.4.4-pyh9f0ad1d_0.tar.bz2#5f095bc6454094e96f146491fd03633b
https://conda.anaconda.org/conda-forge/noarch/attrs-21.4.0-pyhd8ed1ab_0.tar.bz2#f70280205d7044c8b8358c8de3190e5d
https://conda.anaconda.org/conda-forge/win-64/brotli-bin-1.0.9-h8ffe710_7.tar.bz2#fd458f76be2068973734834202ac0352
https://conda.anaconda.org/conda-forge/noarch/cachy-0.3.0-py_0.tar.bz2#808c46dc56ae4a796830129aaf1b51ec
https://conda.anaconda.org/conda-forge/noarch/charset-normalizer-2.0.12-pyhd8ed1ab_0.tar.bz2#1f5b32dabae0f1893ae3283dac7f799e
https://conda.anaconda.org/conda-forge/noarch/colorama-0.4.4-pyh9f0ad1d_0.tar.bz2#c08b4c1326b880ed44f3ffb04803332f
https://conda.anaconda.org/conda-forge/noarch/crashtest-0.3.1-pyhd8ed1ab_0.tar.bz2#b8477552274c1cfdb533e954c76523f1
https://conda.anaconda.org/conda-forge/noarch/dataclasses-0.8-pyhc8e2a94_3.tar.bz2#a362b2124b06aad102e2ee4581acee7d
https://conda.anaconda.org/conda-forge/noarch/distlib-0.3.4-pyhd8ed1ab_0.tar.bz2#7b50d840543d9cdae100e91582c33035
https://conda.anaconda.org/conda-forge/noarch/filelock-3.7.0-pyhd8ed1ab_0.tar.bz2#cfb94034fcdfc80b61164878dc677a8d
https://conda.anaconda.org/conda-forge/noarch/h11-0.12.0-pyhd8ed1ab_0.tar.bz2#a8c3c313e5339029946b66070cf24b39
https://conda.anaconda.org/conda-forge/noarch/hpack-4.0.0-pyh9f0ad1d_0.tar.bz2#914d6646c4dbb1fd3ff539830a12fd71
https://conda.anaconda.org/conda-forge/noarch/hupper-1.10.2-py_0.tar.bz2#c5f087ce7bb51a3d982b23d24a018c96
https://conda.anaconda.org/conda-forge/noarch/hyperframe-6.0.1-pyhd8ed1ab_0.tar.bz2#9f765cbfab6870c8435b9eefecd7a1f4
https://conda.anaconda.org/conda-forge/noarch/idna-3.3-pyhd8ed1ab_0.tar.bz2#40b50b8b030f5f2f22085c062ed013dd
https://conda.anaconda.org/conda-forge/noarch/itsdangerous-2.1.2-pyhd8ed1ab_0.tar.bz2#3c3de74912f11d2b590184f03c7cd09b
https://conda.anaconda.org/conda-forge/win-64/libglib-2.70.2-h3be07f2_4.tar.bz2#355750a238b15920d75ec3c49554c3e3
https://conda.anaconda.org/conda-forge/win-64/libpng-1.6.37-h1d00b33_2.tar.bz2#005ddb14b8f876ed6a85b76dfc9892db
https://conda.anaconda.org/conda-forge/win-64/libtiff-4.3.0-hc4061b1_3.tar.bz2#2e9f4af7dd16047f2f370562fb9e81fc
https://conda.anaconda.org/conda-forge/win-64/libxml2-2.9.14-hf5bbc77_0.tar.bz2#1209fe6f12e1c5e2807a6ec0fa9713f2
https://conda.anaconda.org/conda-forge/noarch/lockfile-0.12.2-py_1.tar.bz2#c104d98e09c47519950cffb8dd5b4f10
https://conda.anaconda.org/conda-forge/noarch/mergedeep-1.3.4-pyhd8ed1ab_0.tar.bz2#1a160a3cab5cb6bd46264b52cd6f69a2
https://conda.anaconda.org/conda-forge/noarch/pastel-0.2.1-pyhd8ed1ab_0.tar.bz2#a4eea5bff523f26442405bc5d1f52adb
https://conda.anaconda.org/conda-forge/noarch/pathspec-0.9.0-pyhd8ed1ab_0.tar.bz2#f93dc0ccbc0a8472624165f6e256c7d1
https://conda.anaconda.org/conda-forge/noarch/pint-0.19.2-pyhd8ed1ab_0.tar.bz2#fd63e100db24efe8ae0800f81f4cd8e9
https://conda.anaconda.org/conda-forge/noarch/pkginfo-1.8.2-pyhd8ed1ab_0.tar.bz2#c776a1cd5745674c28c20a5498cafa89
https://conda.anaconda.org/conda-forge/noarch/platformdirs-2.5.1-pyhd8ed1ab_0.tar.bz2#d5df87964a39f67c46a5448f4e78d9b6
https://conda.anaconda.org/conda-forge/win-64/pthread-stubs-0.4-hcd874cb_1001.tar.bz2#a1f820480193ea83582b13249a7e7bd9
https://conda.anaconda.org/conda-forge/noarch/ptyprocess-0.7.0-pyhd3deb0d_0.tar.bz2#359eeb6536da0e687af562ed265ec263
https://conda.anaconda.org/conda-forge/noarch/pycparser-2.21-pyhd8ed1ab_0.tar.bz2#076becd9e05608f8dc72757d5f3a91ff
https://conda.anaconda.org/conda-forge/noarch/pylev-1.4.0-pyhd8ed1ab_0.tar.bz2#edf8651c4379d9d1495ad6229622d150
https://conda.anaconda.org/conda-forge/noarch/pyparsing-3.0.9-pyhd8ed1ab_0.tar.bz2#e8fbc1b54b25f4b08281467bc13b70cc
https://conda.anaconda.org/conda-forge/noarch/python-baseconv-1.2.2-pyhd8ed1ab_0.tar.bz2#57541608d60b5900a57057d792156ea0
https://conda.anaconda.org/conda-forge/noarch/python-forge-18.6.0-pyhd8ed1ab_0.tar.bz2#148eacda0d09191e31454385f3a7a110
https://conda.anaconda.org/conda-forge/win-64/python_abi-3.10-2_cp310.tar.bz2#aaa900b98edb2e67106b461ff365ba57
https://conda.anaconda.org/conda-forge/noarch/rfc3986-1.5.0-pyhd8ed1ab_0.tar.bz2#ee18e8644b953e8900282b2ef2a8c5a1
https://conda.anaconda.org/conda-forge/noarch/shellingham-1.4.0-pyh44b312d_0.tar.bz2#437655338696f9d0dfdb0a024e66b255
https://conda.anaconda.org/conda-forge/noarch/six-1.16.0-pyh6c4a22f_0.tar.bz2#e5f25f8dbc060e9a8d912e432202afc2
https://conda.anaconda.org/conda-forge/noarch/soupsieve-2.3.1-pyhd8ed1ab_0.tar.bz2#d821b295c4bd18ad27e1e19543a5784a
https://conda.anaconda.org/conda-forge/noarch/toml-0.10.2-pyhd8ed1ab_0.tar.bz2#f832c45a477c78bebd107098db465095
https://conda.anaconda.org/conda-forge/noarch/tomli-2.0.1-pyhd8ed1ab_0.tar.bz2#5844808ffab9ebdb694585b50ba02a96
https://conda.anaconda.org/conda-forge/noarch/typing-3.10.0.0-pyhd8ed1ab_0.tar.bz2#e6573ac68718f17b9d4f5c8eda3190f2
https://conda.anaconda.org/conda-forge/noarch/typing_extensions-4.2.0-pyha770c72_1.tar.bz2#f0f7e024f94e23d3bfee0ab777bf335a
https://conda.anaconda.org/conda-forge/noarch/webencodings-0.5.1-py_1.tar.bz2#3563be4c5611a44210d9ba0c16113136
https://conda.anaconda.org/conda-forge/noarch/wheel-0.37.1-pyhd8ed1ab_0.tar.bz2#1ca02aaf78d9c70d9a81a3bed5752022
https://conda.anaconda.org/conda-forge/win-64/xorg-kbproto-1.0.7-hcd874cb_1002.tar.bz2#8d11c1dac4756ca57e78c1bfe173bba4
https://conda.anaconda.org/conda-forge/win-64/xorg-libice-1.0.10-hcd874cb_0.tar.bz2#8f45beee385cb67e42d6732bdb1b6a40
https://conda.anaconda.org/conda-forge/win-64/xorg-libxau-1.0.9-hcd874cb_0.tar.bz2#9cef622e75683c17d05ae62d66e69e6c
https://conda.anaconda.org/conda-forge/win-64/xorg-libxdmcp-1.1.3-hcd874cb_0.tar.bz2#46878ebb6b9cbd8afcf8088d7ef00ece
https://conda.anaconda.org/conda-forge/win-64/xorg-xextproto-7.3.0-hcd874cb_1002.tar.bz2#4e2fb1b05e6f44190127b600b8f01645
https://conda.anaconda.org/conda-forge/win-64/xorg-xproto-7.0.31-hcd874cb_1007.tar.bz2#88f3c65d2ad13826a9e0b162063be023
https://conda.anaconda.org/conda-forge/noarch/zipp-3.8.0-pyhd8ed1ab_0.tar.bz2#050b94cf4a8c760656e51d2d44e4632c
https://conda.anaconda.org/conda-forge/noarch/asgiref-3.5.2-pyhd8ed1ab_0.tar.bz2#cea70257c4c605a4417632ba6cb3a20a
https://conda.anaconda.org/conda-forge/noarch/beautifulsoup4-4.11.1-pyha770c72_0.tar.bz2#eeec8814bd97b2681f708bb127478d7d
https://conda.anaconda.org/conda-forge/win-64/brotli-1.0.9-h8ffe710_7.tar.bz2#bdd3236d1f6962e8e6953276d12b7e5b
https://conda.anaconda.org/conda-forge/win-64/certifi-2022.5.18.1-py310h5588dad_0.tar.bz2#7953bbe9c2fab2f3bce9b68e85c78b17
https://conda.anaconda.org/conda-forge/win-64/cffi-1.15.0-py310hcbf9ad4_0.tar.bz2#ffea8be6c3b061eb7361a8686af44861
https://conda.anaconda.org/conda-forge/win-64/click-8.0.4-py310h5588dad_0.tar.bz2#530b013f23cc7d2ee5af745d5cb7e4fc
https://conda.anaconda.org/conda-forge/noarch/clikit-0.6.2-pyh9f0ad1d_0.tar.bz2#159273f717a11e53b2656f8b6521a5e2
https://conda.anaconda.org/conda-forge/win-64/freetype-2.10.4-h546665d_1.tar.bz2#1215a2e49d23da91c28d97cff8de35ea
https://conda.anaconda.org/conda-forge/win-64/frozenlist-1.3.0-py310he2412df_1.tar.bz2#47fece183fe53817a4f557bb6b60bd0d
https://conda.anaconda.org/conda-forge/win-64/future-0.18.2-py310h5588dad_5.tar.bz2#8dd93f995ab30e813f50dc1727ae2367
https://conda.anaconda.org/conda-forge/win-64/gts-0.7.6-h7c369d9_2.tar.bz2#509e4ea898407220d7bdbc6f8a02fe63
https://conda.anaconda.org/conda-forge/noarch/h2-4.1.0-pyhd8ed1ab_0.tar.bz2#b748fbf7060927a6e82df7cb5ee8f097
https://conda.anaconda.org/conda-forge/noarch/html5lib-1.1-pyh9f0ad1d_0.tar.bz2#b2355343d6315c892543200231d7154a
https://conda.anaconda.org/conda-forge/win-64/importlib-metadata-4.11.4-py310h5588dad_0.tar.bz2#16ef54587496fadabd26ba48ff221750
https://conda.anaconda.org/conda-forge/noarch/janus-1.0.0-pyhd8ed1ab_0.tar.bz2#304b5bce5a9b3590d825ffd85ac63471
https://conda.anaconda.org/conda-forge/win-64/libxcb-1.13-hcd874cb_1004.tar.bz2#a6d7fd030532378ecb6ba435cd9f8234
https://conda.anaconda.org/conda-forge/win-64/libxslt-1.1.33-h34f844d_4.tar.bz2#20eb4f4803f0b17e9f48f9f2684b8449
https://conda.anaconda.org/conda-forge/win-64/markupsafe-2.1.1-py310he2412df_1.tar.bz2#c33fd016ec3b4c3cb0e676fbd0b18953
https://conda.anaconda.org/conda-forge/win-64/msgpack-python-1.0.3-py310h476a331_1.tar.bz2#bb1894acab7024fc82aa4779998bda8a
https://conda.anaconda.org/conda-forge/win-64/multidict-6.0.2-py310he2412df_1.tar.bz2#f4f8ca59f4d431fc0d579a304dc5ec8f
https://conda.anaconda.org/conda-forge/win-64/mypy_extensions-0.4.3-py310h5588dad_5.tar.bz2#9d953469ad8d474380618f571be84e8c
https://conda.anaconda.org/conda-forge/noarch/packaging-20.9-pyh44b312d_0.tar.bz2#be69a38e912054a62dc82cc3c7711a64
https://conda.anaconda.org/conda-forge/noarch/pexpect-4.8.0-pyh9f0ad1d_2.tar.bz2#5909e7b978141dd80d28dbf9de627827
https://conda.anaconda.org/conda-forge/win-64/pluggy-1.0.0-py310h5588dad_3.tar.bz2#48b66805d9d5b1d24fcb0d547471a0f0
https://conda.anaconda.org/conda-forge/win-64/poetry-core-1.0.8-py310h5588dad_1.tar.bz2#a15f6e219a4f2b73bccf2210e0f63364
https://conda.anaconda.org/conda-forge/win-64/psutil-5.9.1-py310he2412df_0.tar.bz2#a3522200c0314c650f0f0beb4d69d92c
https://conda.anaconda.org/conda-forge/noarch/python-multipart-0.0.5-py_0.tar.bz2#a422cf8aedde18e7037cad6496adcd4b
https://conda.anaconda.org/conda-forge/win-64/pywin32-ctypes-0.2.0-py310h5588dad_1005.tar.bz2#38ecc6adfcd4e0390c4ed4fbaafcfa6f
https://conda.anaconda.org/conda-forge/win-64/pyyaml-6.0-py310he2412df_4.tar.bz2#e1386e64a5e6d3ef30860a233ce8b371
https://conda.anaconda.org/conda-forge/win-64/ruamel.yaml.clib-0.2.6-py310he2412df_1.tar.bz2#17510ff9f4e3269aa73ad97eafc35ea1
https://conda.anaconda.org/conda-forge/win-64/setuptools-62.3.2-py310h5588dad_0.tar.bz2#a5a86f2dae26872e69e085256b14486e
https://conda.anaconda.org/conda-forge/win-64/sniffio-1.2.0-py310h5588dad_3.tar.bz2#abde2fb17f9cc5f5bddde4c10faed9ae
https://conda.anaconda.org/conda-forge/win-64/sqlalchemy-1.3.24-py310he2412df_1.tar.bz2#c43eb26aadf97d20d6d3e58f982c740f
https://conda.anaconda.org/conda-forge/noarch/tomlkit-0.11.0-pyha770c72_0.tar.bz2#4c3c1c8f8230bd75e69e083b113b2483
https://conda.anaconda.org/conda-forge/win-64/typed-ast-1.5.4-py310he2412df_0.tar.bz2#bc81264f0312aac5942257aeaeaa60af
https://conda.anaconda.org/conda-forge/noarch/typing-extensions-4.2.0-hd8ed1ab_1.tar.bz2#6d9d7480c5780514779967be2ee8b963
https://conda.anaconda.org/conda-forge/noarch/url-normalize-1.4.3-pyhd8ed1ab_0.tar.bz2#7c4076e494f0efe76705154ac9302ba6
https://conda.anaconda.org/conda-forge/win-64/virtualenv-20.14.1-py310h5588dad_0.tar.bz2#9d6a740b9f812ad78b4fa024f650cf8e
https://conda.anaconda.org/conda-forge/win-64/win_inet_pton-1.1.0-py310h5588dad_4.tar.bz2#674aa7b17ab884a99afeec3547a03bb8
https://conda.anaconda.org/conda-forge/win-64/xorg-libsm-1.2.3-hcd874cb_1000.tar.bz2#76a765e735668a9922da3d58e746a7a6
https://conda.anaconda.org/conda-forge/noarch/aiosignal-1.2.0-pyhd8ed1ab_0.tar.bz2#68c9a0ab410c72abd24cbaac57703519
https://conda.anaconda.org/conda-forge/noarch/aiosqlite-0.17.0-pyhd8ed1ab_0.tar.bz2#ee5274fd3828e096cb7c90f003b0a67e
https://conda.anaconda.org/conda-forge/win-64/anyio-3.6.1-py310h5588dad_0.tar.bz2#c793357d4e32ad91188d97ec33a91b48
https://conda.anaconda.org/conda-forge/noarch/asgi-csrf-0.9-pyhd8ed1ab_0.tar.bz2#eae21b40ce9beded0ce0e5c67180b1e7
https://conda.anaconda.org/conda-forge/noarch/async-timeout-4.0.2-pyhd8ed1ab_0.tar.bz2#25e79f9a1133556671becbd65a170c78
https://conda.anaconda.org/conda-forge/noarch/black-22.3.0-pyhd8ed1ab_0.tar.bz2#7ecbfaae9a30b73c1a6e36e4a0debc03
https://conda.anaconda.org/conda-forge/win-64/brotlipy-0.7.0-py310he2412df_1004.tar.bz2#6967391ab90fb96d3e75bf423012fa79
https://conda.anaconda.org/conda-forge/noarch/cleo-0.8.1-pyhd8ed1ab_2.tar.bz2#4c82b11a3d06031bd58e7d869f53d965
https://conda.anaconda.org/conda-forge/noarch/click-default-group-1.2.2-pyhd8ed1ab_1.tar.bz2#72a46ffc25701c173932fd55cf0965d3
https://conda.anaconda.org/conda-forge/noarch/commonmark-0.9.1-py_0.tar.bz2#6aa0173c14befcd577ded130cf6f22f5
https://conda.anaconda.org/conda-forge/win-64/cryptography-37.0.2-py310ha857299_0.tar.bz2#17d16584546c3f94a790566698509ac8
https://conda.anaconda.org/conda-forge/win-64/fontconfig-2.14.0-hce3cb01_0.tar.bz2#08f0ca5312c33d7630cae5b7c0c078d5
https://conda.anaconda.org/conda-forge/noarch/importlib_metadata-4.11.4-hd8ed1ab_0.tar.bz2#9a1925fdb91c81437b8012e48ede6851
https://conda.anaconda.org/conda-forge/noarch/jinja2-3.0.3-pyhd8ed1ab_0.tar.bz2#036d872c653780cb26e797e2e2f61b4c
https://conda.anaconda.org/conda-forge/win-64/lxml-4.8.0-py310he2412df_3.tar.bz2#7bd42ee75acff2e49a147c66ff247537
https://conda.anaconda.org/conda-forge/win-64/mypy-0.950-py310he2412df_0.tar.bz2#52fbadb2cefd565393d757e8d9d15daf
https://conda.anaconda.org/conda-forge/noarch/pip-22.1.1-pyhd8ed1ab_0.tar.bz2#6affaf2f490f479c73d819735f80a104
https://conda.anaconda.org/conda-forge/win-64/pycares-4.0.0-py310he2412df_1.tar.bz2#5415ec709f2cdd3ed0fab4ed0486ff50
https://conda.anaconda.org/conda-forge/win-64/pydantic-1.9.1-py310he2412df_0.tar.bz2#843be2573c07581d9049b738ec49abb8
https://conda.anaconda.org/conda-forge/noarch/pygments-2.12.0-pyhd8ed1ab_0.tar.bz2#cb27e2ded147e5bcc7eafc1c6d343cb3
https://conda.anaconda.org/conda-forge/win-64/pysocks-1.7.1-py310h5588dad_5.tar.bz2#8b84a5de3ffa12a5aaeea385140bba27
https://conda.anaconda.org/conda-forge/win-64/ruamel.yaml-0.17.21-py310he2412df_1.tar.bz2#92ddbe00480db13cb0161f65eba846db
https://conda.anaconda.org/conda-forge/noarch/typer-0.4.1-pyhd8ed1ab_0.tar.bz2#40b4f97d1cec8b63a1f8e8abfe1038f4
https://conda.anaconda.org/conda-forge/win-64/uvicorn-0.17.6-py310h5588dad_1.tar.bz2#31756fce38360ddf942ffaef08bbb154
https://conda.anaconda.org/conda-forge/win-64/xorg-libx11-1.7.2-hcd874cb_0.tar.bz2#fc83d322fcfa4ca466b8529c4a2d259c
https://conda.anaconda.org/conda-forge/win-64/yarl-1.7.2-py310he2412df_2.tar.bz2#8513eaa29bee59df0dd5f51e8a847992
https://conda.anaconda.org/conda-forge/noarch/aiodns-3.0.0-pyhd8ed1ab_0.tar.bz2#ca51167c2f1e2e1d881c80f6c9e542aa
https://conda.anaconda.org/conda-forge/win-64/aiohttp-3.8.1-py310he2412df_1.tar.bz2#64e01f0946f58fd10254d582f08abcc0
https://conda.anaconda.org/conda-forge/noarch/aioredis-2.0.1-pyhd8ed1ab_0.tar.bz2#b6c127b17d286bc5fc4ce54be320d046
https://conda.anaconda.org/conda-forge/win-64/cairo-1.16.0-h0ac17fb_1011.tar.bz2#394e8c7a80a710ef10dbf4efb4cbc87b
https://conda.anaconda.org/conda-forge/noarch/httpcore-0.14.7-pyhd8ed1ab_1.tar.bz2#fef30712c30973b45de04f61ca1693b0
https://conda.anaconda.org/conda-forge/win-64/keyring-23.5.1-py310h5588dad_0.tar.bz2#32f18967a91c9ed3e5737ed8cd5f1b74
https://conda.anaconda.org/conda-forge/noarch/pyopenssl-22.0.0-pyhd8ed1ab_0.tar.bz2#1d7e241dfaf5475e893d4b824bb71b44
https://conda.anaconda.org/conda-forge/noarch/rich-12.4.3-pyhd8ed1ab_0.tar.bz2#3e9322a1f0707089a40c3218f60f2da6
https://conda.anaconda.org/conda-forge/win-64/xorg-libxext-1.3.4-hcd874cb_1.tar.bz2#237e70b849a9440c2fce725b74412cd6
https://conda.anaconda.org/conda-forge/win-64/xorg-libxt-1.2.1-hcd874cb_2.tar.bz2#75788d7a4edf041cdd0a830f9bcaa3fb
https://conda.anaconda.org/conda-forge/noarch/aiohttp-client-cache-0.7.0-pyhd8ed1ab_0.tar.bz2#9112712826fa5fccaaf9ccf76c4a03b7
https://conda.anaconda.org/conda-forge/win-64/harfbuzz-4.3.0-h27de254_0.tar.bz2#7882c8b740eecb8172514deab6f03ffa
https://conda.anaconda.org/conda-forge/win-64/httpx-0.22.0-py310h5588dad_0.tar.bz2#0f4fb6dab1cd36c4c8c7a7632247670f
https://conda.anaconda.org/conda-forge/noarch/rich-click-1.4-pyhd8ed1ab_0.tar.bz2#2b8b2a9974170b437c4c3025b9a8e8d8
https://conda.anaconda.org/conda-forge/noarch/urllib3-1.26.9-pyhd8ed1ab_0.tar.bz2#0ea179ee251aa7100807c35bc0252693
https://conda.anaconda.org/conda-forge/win-64/xorg-libxpm-3.5.13-hcd874cb_0.tar.bz2#4b31b88585f696327ba79fea3b41f973
https://conda.anaconda.org/conda-forge/noarch/datasette-0.61.1-pyhd8ed1ab_0.tar.bz2#a3eebdf00593652f73de97cc4ecb36df
https://conda.anaconda.org/conda-forge/win-64/libgd-2.3.3-h891f43f_3.tar.bz2#0d66b24e1ba733a75df08e0af6f20be1
https://conda.anaconda.org/conda-forge/win-64/pango-1.50.7-h66df5b2_0.tar.bz2#2889c26b2025beeafd00509b8bb0ced2
https://conda.anaconda.org/conda-forge/noarch/requests-2.27.1-pyhd8ed1ab_0.tar.bz2#7c1c427246b057b8fa97200ecdb2ed62
https://conda.anaconda.org/conda-forge/noarch/cachecontrol-0.12.11-pyhd8ed1ab_0.tar.bz2#6eefee9888f33f150b5d44d616b1a613
https://conda.anaconda.org/conda-forge/noarch/ensureconda-1.4.2-pyhd8ed1ab_0.tar.bz2#1bf97b25d058482fd73e62b1cdb932ef
https://conda.anaconda.org/conda-forge/win-64/graphviz-2.50.0-had6c3a3_2.tar.bz2#88abf5b685f43d414a38637be884a7cf
https://conda.anaconda.org/conda-forge/noarch/requests-toolbelt-0.9.1-py_0.tar.bz2#402668adee8fcba9a9c265cdc2a88f5a
https://conda.anaconda.org/conda-forge/win-64/poetry-1.1.13-py310h5588dad_1.tar.bz2#e383fea125a3fc07520f2a83870bc5a4
https://conda.anaconda.org/conda-forge/win-64/pygraphviz-1.9-py310hc948e88_0.tar.bz2#5991ffeff29eea8d84313b4e0737b05a
https://conda.anaconda.org/conda-forge/noarch/conda-lock-1.0.5-pyhd8ed1ab_0.tar.bz2#7544764bbf4941cc954bb80911f3b201
https://conda.anaconda.org/conda-forge/noarch/eralchemy-1.2.10-pyhd8ed1ab_1.tar.bz2#b9720b592cfe5140393053a941d4f2a7
# pip asgi-gzip @ https://files.pythonhosted.org/packages/79/b5/af82e29e7168b763a6bb4983935ed42f33c5cab4bd9b0fd1cfd755b4a0c3/asgi_gzip-0.1-py3-none-any.whl#md5=None
# pip datasette-gzip @ https://files.pythonhosted.org/packages/90/16/2500bdd45a86e25abc10c7e388fa34925dc98718ab64916356c26a1c9a74/datasette_gzip-0.2-py3-none-any.whl#md5=None
# pip datasette-render-images @ https://files.pythonhosted.org/packages/ff/e3/abc74d8755d47d4318a3d0f0f9ac5f6321f38331bae18222a4d7597f2b53/datasette_render_images-0.3.2-py3-none-any.whl#md5=None
